{
  "name": "tree-sitter-crush",
  "version": "1.0.0",
  "lockfileVersion": 3,
  "requires": true,
  "packages": {
    "": {
      "name": "tree-sitter-crush",
      "version": "1.0.0",
      "license": "ISC",
      "devDependencies": {
        "tree-sitter-cli": "^0.24.6"
      }
    },
    "node_modules/tree-sitter-cli": {
      "version": "0.24.6",
      "resolved": "https://registry.npmjs.org/tree-sitter-cli/-/tree-sitter-cli-0.24.6.tgz",
      "integrity": "sha512-FJ9B1XwXt8Auq75NK/6bpeci7avXSk73OMDq4elXHPS4ue11ZFeCrH/anVN/u5BAZjWqFO9nWGLNEdpdZOg+eA==",
      "dev": true,
      "hasInstallScript": true,
      "license": "MIT",
      "bin": {
        "tree-sitter": "cli.js"
      },
      "engines": {
        "node": ">=12.0.0"
      }
    }
  }
}
